
Microsoft Visual Studio Solution File, Format Version 12.00
# Visual Studio Version 16
VisualStudioVersion = 16.0.30804.86
MinimumVisualStudioVersion = 10.0.40219.1
Project("{FAE04EC0-301F-11D3-BF4B-00C04F79EFBC}") = "Matrix", "Matrix.csproj", "{C3B3E1E7-E9FD-4AAE-AAF4-037A9741B742}"
EndProject
Global
	GlobalSection(SolutionConfigurationPlatforms) = preSolution
		Debug|Any CPU = Debug|Any CPU
		Release|Any CPU = Release|Any CPU
	EndGlobalSection
	GlobalSection(ProjectConfigurationPlatforms) = postSolution
		{C3B3E1E7-E9FD-4AAE-AAF4-037A9741B742}.Debug|Any CPU.ActiveCfg = Debug|Any CPU
		{C3B3E1E7-E9FD-4AAE-AAF4-037A9741B742}.Debug|Any CPU.Build.0 = Debug|Any CPU
		{C3B3E1E7-E9FD-4AAE-AAF4-037A9741B742}.Release|Any CPU.ActiveCfg = Release|Any CPU
		{C3B3E1E7-E9FD-4AAE-AAF4-037A9741B742}.Release|Any CPU.Build.0 = Release|Any CPU
	EndGlobalSection
	GlobalSection(SolutionProperties) = preSolution
		HideSolutionNode = FALSE
	EndGlobalSection
	GlobalSection(ExtensibilityGlobals) = postSolution
		SolutionGuid = {4011B45C-61B5-40E8-A557-2E5554F42AAE}
	EndGlobalSection
EndGlobal
